
Microsoft Visual Studio Solution File, Format Version 12.00
# Visual Studio Version 16
VisualStudioVersion = 16.0.30907.101
MinimumVisualStudioVersion = 10.0.40219.1
Project("{FAE04EC0-301F-11D3-BF4B-00C04F79EFBC}") = "GameStore", "GameStore\GameStore.csproj", "{CBF5BB35-78F8-4937-BF61-6A84DF78BCED}"
EndProject
Global
	GlobalSection(SolutionConfigurationPlatforms) = preSolution
		Debug|Any CPU = Debug|Any CPU
		Release|Any CPU = Release|Any CPU
	EndGlobalSection
	GlobalSection(ProjectConfigurationPlatforms) = postSolution
		{CBF5BB35-78F8-4937-BF61-6A84DF78BCED}.Debug|Any CPU.ActiveCfg = Debug|Any CPU
		{CBF5BB35-78F8-4937-BF61-6A84DF78BCED}.Debug|Any CPU.Build.0 = Debug|Any CPU
		{CBF5BB35-78F8-4937-BF61-6A84DF78BCED}.Release|Any CPU.ActiveCfg = Release|Any CPU
		{CBF5BB35-78F8-4937-BF61-6A84DF78BCED}.Release|Any CPU.Build.0 = Release|Any CPU
	EndGlobalSection
	GlobalSection(SolutionProperties) = preSolution
		HideSolutionNode = FALSE
	EndGlobalSection
	GlobalSection(ExtensibilityGlobals) = postSolution
		SolutionGuid = {783A238C-16AA-45DF-83F4-A5057221F427}
	EndGlobalSection
EndGlobal
